<?xml version="1.0" encoding="utf-8"?>
<Project ToolsVersion="4.0" xmlns="http://schemas.microsoft.com/developer/msbuild/2003">
  <ItemGroup>
    <Filter Include="ソース ファイル">
      <UniqueIdentifier>{4FC737F1-C7A5-4376-A066-2A32D752A2FF}</UniqueIdentifier>
      <Extensions>cpp;c;cc;cxx;def;odl;idl;hpj;bat;asm;asmx</Extensions>
    </Filter>
    <Filter Include="ヘッダー ファイル">
      <UniqueIdentifier>{93995380-89BD-4b04-88EB-625FBE52EBFB}</UniqueIdentifier>
      <Extensions>h;hpp;hxx;hm;inl;inc;xsd</Extensions>
    </Filter>
    <Filter Include="リソース ファイル">
      <UniqueIdentifier>{67DA6AB6-F800-4c08-8B7A-83BB121AAD01}</UniqueIdentifier>
      <Extensions>rc;ico;cur;bmp;dlg;rc2;rct;bin;rgs;gif;jpg;jpeg;jpe;resx;tiff;tif;png;wav;mfcribbon-ms</Extensions>
    </Filter>
    <Filter Include="addons">
      <UniqueIdentifier>{ce4c96b2-e1c2-4fe7-8bdb-7ac93308e612}</UniqueIdentifier>
    </Filter>
  </ItemGroup>
  <ItemGroup>
    <ClCompile Include="main.cpp">
      <Filter>ソース ファイル</Filter>
    </ClCompile>
    <ClCompile Include="Renderer.cpp">
      <Filter>ソース ファイル</Filter>
    </ClCompile>
    <ClCompile Include="..\..\..\include\utility\utility.cpp">
      <Filter>addons</Filter>
    </ClCompile>
    <ClCompile Include="..\..\..\include\basicPly\BasicPly.cpp">
      <Filter>addons</Filter>
    </ClCompile>
    <ClCompile Include="..\..\..\include\PanoramaRenderer\PanoramaShaderRenderer.cpp">
      <Filter>addons</Filter>
    </ClCompile>
    <ClCompile Include="..\..\..\include\ShaderPolarCoordinate\ShaderPolarCoordinate.cpp">
      <Filter>addons</Filter>
    </ClCompile>
    <ClCompile Include="..\..\..\include\ShaderPolarCoordinate\glsl.cpp">
      <Filter>addons</Filter>
    </ClCompile>
    <ClCompile Include="ImageWindow.cpp">
      <Filter>ソース ファイル</Filter>
    </ClCompile>
    <ClCompile Include="PanoramaRenderCanvas.cpp">
      <Filter>ソース ファイル</Filter>
    </ClCompile>
    <ClCompile Include="Calibration.cpp">
      <Filter>ソース ファイル</Filter>
    </ClCompile>
  </ItemGroup>
  <ItemGroup>
    <ClInclude Include="PanoramaRenderCanvas.h">
      <Filter>ヘッダー ファイル</Filter>
    </ClInclude>
    <ClInclude Include="Renderer.h">
      <Filter>ヘッダー ファイル</Filter>
    </ClInclude>
    <ClInclude Include="..\..\..\include\utility\utility.h">
      <Filter>addons</Filter>
    </ClInclude>
    <ClInclude Include="..\..\..\include\basicPly\BasicPly.h">
      <Filter>addons</Filter>
    </ClInclude>
    <ClInclude Include="..\..\..\include\PanoramaRenderer\PanoramaShaderRenderer.h">
      <Filter>addons</Filter>
    </ClInclude>
    <ClInclude Include="..\..\..\include\ShaderPolarCoordinate\ShaderPolarCoordinate.h">
      <Filter>addons</Filter>
    </ClInclude>
    <ClInclude Include="..\..\..\include\ShaderPolarCoordinate\glsl.h">
      <Filter>addons</Filter>
    </ClInclude>
    <ClInclude Include="ImageWindow.h">
      <Filter>ヘッダー ファイル</Filter>
    </ClInclude>
    <ClInclude Include="Main.h">
      <Filter>ヘッダー ファイル</Filter>
    </ClInclude>
    <ClInclude Include="Calibration.h">
      <Filter>ヘッダー ファイル</Filter>
    </ClInclude>
  </ItemGroup>
</Project>